// !$*UTF8*$!
{
	archiveVersion = 1;
	classes = {
	};
	objectVersion = 50;
	objects = {

/* Begin PBXBuildFile section */
		EF24446422CF1A540046B3D9 /* AppDelegate.swift in Sources */ = {isa = PBXBuildFile; fileRef = EF24446322CF1A540046B3D9 /* AppDelegate.swift */; };
		EF24446622CF1A540046B3D9 /* ViewController.swift in Sources */ = {isa = PBXBuildFile; fileRef = EF24446522CF1A540046B3D9 /* ViewController.swift */; };
		EF24446922CF1A540046B3D9 /* Main.storyboard in Resources */ = {isa = PBXBuildFile; fileRef = EF24446722CF1A540046B3D9 /* Main.storyboard */; };
		EF24446B22CF1A550046B3D9 /* Assets.xcassets in Resources */ = {isa = PBXBuildFile; fileRef = EF24446A22CF1A550046B3D9 /* Assets.xcassets */; };
		EF24446E22CF1A550046B3D9 /* LaunchScreen.storyboard in Resources */ = {isa = PBXBuildFile; fileRef = EF24446C22CF1A550046B3D9 /* LaunchScreen.storyboard */; };
		EF24447922CF1A550046B3D9 /* GoldPriceCheckiOSTests.swift in Sources */ = {isa = PBXBuildFile; fileRef = EF24447822CF1A550046B3D9 /* GoldPriceCheckiOSTests.swift */; };
		EF24448422CF1A560046B3D9 /* GoldPriceCheckiOSUITests.swift in Sources */ = {isa = PBXBuildFile; fileRef = EF24448322CF1A560046B3D9 /* GoldPriceCheckiOSUITests.swift */; };
/* End PBXBuildFile section */

/* Begin PBXContainerItemProxy section */
		EF24447522CF1A550046B3D9 /* PBXContainerItemProxy */ = {
			isa = PBXContainerItemProxy;
			containerPortal = EF24445822CF1A540046B3D9 /* Project object */;
			proxyType = 1;
			remoteGlobalIDString = EF24445F22CF1A540046B3D9;
			remoteInfo = GoldPriceCheckiOS;
		};
		EF24448022CF1A560046B3D9 /* PBXContainerItemProxy */ = {
			isa = PBXContainerItemProxy;
			containerPortal = EF24445822CF1A540046B3D9 /* Project object */;
			proxyType = 1;
			remoteGlobalIDString = EF24445F22CF1A540046B3D9;
			remoteInfo = GoldPriceCheckiOS;
		};
/* End PBXContainerItemProxy section */

/* Begin PBXFileReference section */
		EF24446022CF1A540046B3D9 /* GoldPriceCheckiOS.app */ = {isa = PBXFileReference; explicitFileType = wrapper.application; includeInIndex = 0; path = GoldPriceCheckiOS.app; sourceTree = BUILT_PRODUCTS_DIR; };
		EF24446322CF1A540046B3D9 /* AppDelegate.swift */ = {isa = PBXFileReference; lastKnownFileType = sourcecode.swift; path = AppDelegate.swift; sourceTree = "<group>"; };
		EF24446522CF1A540046B3D9 /* ViewController.swift */ = {isa = PBXFileReference; lastKnownFileType = sourcecode.swift; path = ViewController.swift; sourceTree = "<group>"; };
		EF24446822CF1A540046B3D9 /* Base */ = {isa = PBXFileReference; lastKnownFileType = file.storyboard; name = Base; path = Base.lproj/Main.storyboard; sourceTree = "<group>"; };
		EF24446A22CF1A550046B3D9 /* Assets.xcassets */ = {isa = PBXFileReference; lastKnownFileType = folder.assetcatalog; path = Assets.xcassets; sourceTree = "<group>"; };
		EF24446D22CF1A550046B3D9 /* Base */ = {isa = PBXFileReference; lastKnownFileType = file.storyboard; name = Base; path = Base.lproj/LaunchScreen.storyboard; sourceTree = "<group>"; };
		EF24446F22CF1A550046B3D9 /* Info.plist */ = {isa = PBXFileReference; lastKnownFileType = text.plist.xml; path = Info.plist; sourceTree = "<group>"; };
		EF24447422CF1A550046B3D9 /* GoldPriceCheckiOSTests.xctest */ = {isa = PBXFileReference; explicitFileType = wrapper.cfbundle; includeInIndex = 0; path = GoldPriceCheckiOSTests.xctest; sourceTree = BUILT_PRODUCTS_DIR; };
		EF24447822CF1A550046B3D9 /* GoldPriceCheckiOSTests.swift */ = {isa = PBXFileReference; lastKnownFileType = sourcecode.swift; path = GoldPriceCheckiOSTests.swift; sourceTree = "<group>"; };
		EF24447A22CF1A560046B3D9 /* Info.plist */ = {isa = PBXFileReference; lastKnownFileType = text.plist.xml; path = Info.plist; sourceTree = "<group>"; };
		EF24447F22CF1A560046B3D9 /* GoldPriceCheckiOSUITests.xctest */ = {isa = PBXFileReference; explicitFileType = wrapper.cfbundle; includeInIndex = 0; path = GoldPriceCheckiOSUITests.xctest; sourceTree = BUILT_PRODUCTS_DIR; };
		EF24448322CF1A560046B3D9 /* GoldPriceCheckiOSUITests.swift */ = {isa = PBXFileReference; lastKnownFileType = sourcecode.swift; path = GoldPriceCheckiOSUITests.swift; sourceTree = "<group>"; };
		EF24448522CF1A560046B3D9 /* Info.plist */ = {isa = PBXFileReference; lastKnownFileType = text.plist.xml; path = Info.plist; sourceTree = "<group>"; };
/* End PBXFileReference section */

/* Begin PBXFrameworksBuildPhase section */
		EF24445D22CF1A540046B3D9 /* Frameworks */ = {
			isa = PBXFrameworksBuildPhase;
			buildActionMask = 2147483647;
			files = (
			);
			runOnlyForDeploymentPostprocessing = 0;
		};
		EF24447122CF1A550046B3D9 /* Frameworks */ = {
			isa = PBXFrameworksBuildPhase;
			buildActionMask = 2147483647;
			files = (
			);
			runOnlyForDeploymentPostprocessing = 0;
		};
		EF24447C22CF1A560046B3D9 /* Frameworks */ = {
			isa = PBXFrameworksBuildPhase;
			buildActionMask = 2147483647;
			files = (
			);
			runOnlyForDeploymentPostprocessing = 0;
		};
/* End PBXFrameworksBuildPhase section */

/* Begin PBXGroup section */
		EF24445722CF1A540046B3D9 = {
			isa = PBXGroup;
			children = (
				EF24446222CF1A540046B3D9 /* GoldPriceCheckiOS */,
				EF24447722CF1A550046B3D9 /* GoldPriceCheckiOSTests */,
				EF24448222CF1A560046B3D9 /* GoldPriceCheckiOSUITests */,
				EF24446122CF1A540046B3D9 /* Products */,
			);
			sourceTree = "<group>";
		};
		EF24446122CF1A540046B3D9 /* Products */ = {
			isa = PBXGroup;
			children = (
				EF24446022CF1A540046B3D9 /* GoldPriceCheckiOS.app */,
				EF24447422CF1A550046B3D9 /* GoldPriceCheckiOSTests.xctest */,
				EF24447F22CF1A560046B3D9 /* GoldPriceCheckiOSUITests.xctest */,
			);
			name = Products;
			sourceTree = "<group>";
		};
		EF24446222CF1A540046B3D9 /* GoldPriceCheckiOS */ = {
			isa = PBXGroup;
			children = (
				EF24446322CF1A540046B3D9 /* AppDelegate.swift */,
				EF24446522CF1A540046B3D9 /* ViewController.swift */,
				EF24446722CF1A540046B3D9 /* Main.storyboard */,
				EF24446A22CF1A550046B3D9 /* Assets.xcassets */,
				EF24446C22CF1A550046B3D9 /* LaunchScreen.storyboard */,
				EF24446F22CF1A550046B3D9 /* Info.plist */,
			);
			path = GoldPriceCheckiOS;
			sourceTree = "<group>";
		};
		EF24447722CF1A550046B3D9 /* GoldPriceCheckiOSTests */ = {
			isa = PBXGroup;
			children = (
				EF24447822CF1A550046B3D9 /* GoldPriceCheckiOSTests.swift */,
				EF24447A22CF1A560046B3D9 /* Info.plist */,
			);
			path = GoldPriceCheckiOSTests;
			sourceTree = "<group>";
		};
		EF24448222CF1A560046B3D9 /* GoldPriceCheckiOSUITests */ = {
			isa = PBXGroup;
			children = (
				EF24448322CF1A560046B3D9 /* GoldPriceCheckiOSUITests.swift */,
				EF24448522CF1A560046B3D9 /* Info.plist */,
			);
			path = GoldPriceCheckiOSUITests;
			sourceTree = "<group>";
		};
/* End PBXGroup section */

/* Begin PBXNativeTarget section */
		EF24445F22CF1A540046B3D9 /* GoldPriceCheckiOS */ = {
			isa = PBXNativeTarget;
			buildConfigurationList = EF24448822CF1A560046B3D9 /* Build configuration list for PBXNativeTarget "GoldPriceCheckiOS" */;
			buildPhases = (
				EF24445C22CF1A540046B3D9 /* Sources */,
				EF24445D22CF1A540046B3D9 /* Frameworks */,
				EF24445E22CF1A540046B3D9 /* Resources */,
			);
			buildRules = (
			);
			dependencies = (
			);
			name = GoldPriceCheckiOS;
			productName = GoldPriceCheckiOS;
			productReference = EF24446022CF1A540046B3D9 /* GoldPriceCheckiOS.app */;
			productType = "com.apple.product-type.application";
		};
		EF24447322CF1A550046B3D9 /* GoldPriceCheckiOSTests */ = {
			isa = PBXNativeTarget;
			buildConfigurationList = EF24448B22CF1A560046B3D9 /* Build configuration list for PBXNativeTarget "GoldPriceCheckiOSTests" */;
			buildPhases = (
				EF24447022CF1A550046B3D9 /* Sources */,
				EF24447122CF1A550046B3D9 /* Frameworks */,
				EF24447222CF1A550046B3D9 /* Resources */,
			);
			buildRules = (
			);
			dependencies = (
				EF24447622CF1A550046B3D9 /* PBXTargetDependency */,
			);
			name = GoldPriceCheckiOSTests;
			productName = GoldPriceCheckiOSTests;
			productReference = EF24447422CF1A550046B3D9 /* GoldPriceCheckiOSTests.xctest */;
			productType = "com.apple.product-type.bundle.unit-test";
		};
		EF24447E22CF1A560046B3D9 /* GoldPriceCheckiOSUITests */ = {
			isa = PBXNativeTarget;
			buildConfigurationList = EF24448E22CF1A560046B3D9 /* Build configuration list for PBXNativeTarget "GoldPriceCheckiOSUITests" */;
			buildPhases = (
				EF24447B22CF1A560046B3D9 /* Sources */,
				EF24447C22CF1A560046B3D9 /* Frameworks */,
				EF24447D22CF1A560046B3D9 /* Resources */,
			);
			buildRules = (
			);
			dependencies = (
				EF24448122CF1A560046B3D9 /* PBXTargetDependency */,
			);
			name = GoldPriceCheckiOSUITests;
			productName = GoldPriceCheckiOSUITests;
			productReference = EF24447F22CF1A560046B3D9 /* GoldPriceCheckiOSUITests.xctest */;
			productType = "com.apple.product-type.bundle.ui-testing";
		};
/* End PBXNativeTarget section */

/* Begin PBXProject section */
		EF24445822CF1A540046B3D9 /* Project object */ = {
			isa = PBXProject;
			attributes = {
				LastSwiftUpdateCheck = 1020;
				LastUpgradeCheck = 1020;
				ORGANIZATIONNAME = AnkKumar;
				TargetAttributes = {
					EF24445F22CF1A540046B3D9 = {
						CreatedOnToolsVersion = 10.2.1;
					};
					EF24447322CF1A550046B3D9 = {
						CreatedOnToolsVersion = 10.2.1;
						TestTargetID = EF24445F22CF1A540046B3D9;
					};
					EF24447E22CF1A560046B3D9 = {
						CreatedOnToolsVersion = 10.2.1;
						TestTargetID = EF24445F22CF1A540046B3D9;
					};
				};
			};
			buildConfigurationList = EF24445B22CF1A540046B3D9 /* Build configuration list for PBXProject "GoldPriceCheckiOS" */;
			compatibilityVersion = "Xcode 9.3";
			developmentRegion = en;
			hasScannedForEncodings = 0;
			knownRegions = (
				en,
				Base,
			);
			mainGroup = EF24445722CF1A540046B3D9;
			productRefGroup = EF24446122CF1A540046B3D9 /* Products */;
			projectDirPath = "";
			projectRoot = "";
			targets = (
				EF24445F22CF1A540046B3D9 /* GoldPriceCheckiOS */,
				EF24447322CF1A550046B3D9 /* GoldPriceCheckiOSTests */,
				EF24447E22CF1A560046B3D9 /* GoldPriceCheckiOSUITests */,
			);
		};
/* End PBXProject section */

/* Begin PBXResourcesBuildPhase section */
		EF24445E22CF1A540046B3D9 /* Resources */ = {
			isa = PBXResourcesBuildPhase;
			buildActionMask = 2147483647;
			files = (
				EF24446E22CF1A550046B3D9 /* LaunchScreen.storyboard in Resources */,
				EF24446B22CF1A550046B3D9 /* Assets.xcassets in Resources */,
				EF24446922CF1A540046B3D9 /* Main.storyboard in Resources */,
			);
			runOnlyForDeploymentPostprocessing = 0;
		};
		EF24447222CF1A550046B3D9 /* Resources */ = {
			isa = PBXResourcesBuildPhase;
			buildActionMask = 2147483647;
			files = (
			);
			runOnlyForDeploymentPostprocessing = 0;
		};
		EF24447D22CF1A560046B3D9 /* Resources */ = {
			isa = PBXResourcesBuildPhase;
			buildActionMask = 2147483647;
			files = (
			);
			runOnlyForDeploymentPostprocessing = 0;
		};
/* End PBXResourcesBuildPhase section */

/* Begin PBXSourcesBuildPhase section */
		EF24445C22CF1A540046B3D9 /* Sources */ = {
			isa = PBXSourcesBuildPhase;
			buildActionMask = 2147483647;
			files = (
				EF24446622CF1A540046B3D9 /* ViewController.swift in Sources */,
				EF24446422CF1A540046B3D9 /* AppDelegate.swift in Sources */,
			);
			runOnlyForDeploymentPostprocessing = 0;
		};
		EF24447022CF1A550046B3D9 /* Sources */ = {
			isa = PBXSourcesBuildPhase;
			buildActionMask = 2147483647;
			files = (
				EF24447922CF1A550046B3D9 /* GoldPriceCheckiOSTests.swift in Sources */,
			);
			runOnlyForDeploymentPostprocessing = 0;
		};
		EF24447B22CF1A560046B3D9 /* Sources */ = {
			isa = PBXSourcesBuildPhase;
			buildActionMask = 2147483647;
			files = (
				EF24448422CF1A560046B3D9 /* GoldPriceCheckiOSUITests.swift in Sources */,
			);
			runOnlyForDeploymentPostprocessing = 0;
		};
/* End PBXSourcesBuildPhase section */

/* Begin PBXTargetDependency section */
		EF24447622CF1A550046B3D9 /* PBXTargetDependency */ = {
			isa = PBXTargetDependency;
			target = EF24445F22CF1A540046B3D9 /* GoldPriceCheckiOS */;
			targetProxy = EF24447522CF1A550046B3D9 /* PBXContainerItemProxy */;
		};
		EF24448122CF1A560046B3D9 /* PBXTargetDependency */ = {
			isa = PBXTargetDependency;
			target = EF24445F22CF1A540046B3D9 /* GoldPriceCheckiOS */;
			targetProxy = EF24448022CF1A560046B3D9 /* PBXContainerItemProxy */;
		};
/* End PBXTargetDependency section */

/* Begin PBXVariantGroup section */
		EF24446722CF1A540046B3D9 /* Main.storyboard */ = {
			isa = PBXVariantGroup;
			children = (
				EF24446822CF1A540046B3D9 /* Base */,
			);
			name = Main.storyboard;
			sourceTree = "<group>";
		};
		EF24446C22CF1A550046B3D9 /* LaunchScreen.storyboard */ = {
			isa = PBXVariantGroup;
			children = (
				EF24446D22CF1A550046B3D9 /* Base */,
			);
			name = LaunchScreen.storyboard;
			sourceTree = "<group>";
		};
/* End PBXVariantGroup section */

/* Begin XCBuildConfiguration section */
		EF24448622CF1A560046B3D9 /* Debug */ = {
			isa = XCBuildConfiguration;
			buildSettings = {
				ALWAYS_SEARCH_USER_PATHS = NO;
				CLANG_ANALYZER_NONNULL = YES;
				CLANG_ANALYZER_NUMBER_OBJECT_CONVERSION = YES_AGGRESSIVE;
				CLANG_CXX_LANGUAGE_STANDARD = "gnu++14";
				CLANG_CXX_LIBRARY = "libc++";
				CLANG_ENABLE_MODULES = YES;
				CLANG_ENABLE_OBJC_ARC = YES;
				CLANG_ENABLE_OBJC_WEAK = YES;
				CLANG_WARN_BLOCK_CAPTURE_AUTORELEASING = YES;
				CLANG_WARN_BOOL_CONVERSION = YES;
				CLANG_WARN_COMMA = YES;
				CLANG_WARN_CONSTANT_CONVERSION = YES;
				CLANG_WARN_DEPRECATED_OBJC_IMPLEMENTATIONS = YES;
				CLANG_WARN_DIRECT_OBJC_ISA_USAGE = YES_ERROR;
				CLANG_WARN_DOCUMENTATION_COMMENTS = YES;
				CLANG_WARN_EMPTY_BODY = YES;
				CLANG_WARN_ENUM_CONVERSION = YES;
				CLANG_WARN_INFINITE_RECURSION = YES;
				CLANG_WARN_INT_CONVERSION = YES;
				CLANG_WARN_NON_LITERAL_NULL_CONVERSION = YES;
				CLANG_WARN_OBJC_IMPLICIT_RETAIN_SELF = YES;
				CLANG_WARN_OBJC_LITERAL_CONVERSION = YES;
				CLANG_WARN_OBJC_ROOT_CLASS = YES_ERROR;
				CLANG_WARN_RANGE_LOOP_ANALYSIS = YES;
				CLANG_WARN_STRICT_PROTOTYPES = YES;
				CLANG_WARN_SUSPICIOUS_MOVE = YES;
				CLANG_WARN_UNGUARDED_AVAILABILITY = YES_AGGRESSIVE;
				CLANG_WARN_UNREACHABLE_CODE = YES;
				CLANG_WARN__DUPLICATE_METHOD_MATCH = YES;
				CODE_SIGN_IDENTITY = "iPhone Developer";
				COPY_PHASE_STRIP = NO;
				DEBUG_INFORMATION_FORMAT = dwarf;
				ENABLE_STRICT_OBJC_MSGSEND = YES;
				ENABLE_TESTABILITY = YES;
				GCC_C_LANGUAGE_STANDARD = gnu11;
				GCC_DYNAMIC_NO_PIC = NO;
				GCC_NO_COMMON_BLOCKS = YES;
				GCC_OPTIMIZATION_LEVEL = 0;
				GCC_PREPROCESSOR_DEFINITIONS = (
					"DEBUG=1",
					"$(inherited)",
				);
				GCC_WARN_64_TO_32_BIT_CONVERSION = YES;
				GCC_WARN_ABOUT_RETURN_TYPE = YES_ERROR;
				GCC_WARN_UNDECLARED_SELECTOR = YES;
				GCC_WARN_UNINITIALIZED_AUTOS = YES_AGGRESSIVE;
				GCC_WARN_UNUSED_FUNCTION = YES;
				GCC_WARN_UNUSED_VARIABLE = YES;
				IPHONEOS_DEPLOYMENT_TARGET = 12.2;
				MTL_ENABLE_DEBUG_INFO = INCLUDE_SOURCE;
				MTL_FAST_MATH = YES;
				ONLY_ACTIVE_ARCH = YES;
				SDKROOT = iphoneos;
				SWIFT_ACTIVE_COMPILATION_CONDITIONS = DEBUG;
				SWIFT_OPTIMIZATION_LEVEL = "-Onone";
			};
			name = Debug;
		};
		EF24448722CF1A560046B3D9 /* Release */ = {
			isa = XCBuildConfiguration;
			buildSettings = {
				ALWAYS_SEARCH_USER_PATHS = NO;
				CLANG_ANALYZER_NONNULL = YES;
				CLANG_ANALYZER_NUMBER_OBJECT_CONVERSION = YES_AGGRESSIVE;
				CLANG_CXX_LANGUAGE_STANDARD = "gnu++14";
				CLANG_CXX_LIBRARY = "libc++";
				CLANG_ENABLE_MODULES = YES;
				CLANG_ENABLE_OBJC_ARC = YES;
				CLANG_ENABLE_OBJC_WEAK = YES;
				CLANG_WARN_BLOCK_CAPTURE_AUTORELEASING = YES;
				CLANG_WARN_BOOL_CONVERSION = YES;
				CLANG_WARN_COMMA = YES;
				CLANG_WARN_CONSTANT_CONVERSION = YES;
				CLANG_WARN_DEPRECATED_OBJC_IMPLEMENTATIONS = YES;
				CLANG_WARN_DIRECT_OBJC_ISA_USAGE = YES_ERROR;
				CLANG_WARN_DOCUMENTATION_COMMENTS = YES;
				CLANG_WARN_EMPTY_BODY = YES;
				CLANG_WARN_ENUM_CONVERSION = YES;
				CLANG_WARN_INFINITE_RECURSION = YES;
				CLANG_WARN_INT_CONVERSION = YES;
				CLANG_WARN_NON_LITERAL_NULL_CONVERSION = YES;
				CLANG_WARN_OBJC_IMPLICIT_RETAIN_SELF = YES;
				CLANG_WARN_OBJC_LITERAL_CONVERSION = YES;
				CLANG_WARN_OBJC_ROOT_CLASS = YES_ERROR;
				CLANG_WARN_RANGE_LOOP_ANALYSIS = YES;
				CLANG_WARN_STRICT_PROTOTYPES = YES;
				CLANG_WARN_SUSPICIOUS_MOVE = YES;
				CLANG_WARN_UNGUARDED_AVAILABILITY = YES_AGGRESSIVE;
				CLANG_WARN_UNREACHABLE_CODE = YES;
				CLANG_WARN__DUPLICATE_METHOD_MATCH = YES;
				CODE_SIGN_IDENTITY = "iPhone Developer";
				COPY_PHASE_STRIP = NO;
				DEBUG_INFORMATION_FORMAT = "dwarf-with-dsym";
				ENABLE_NS_ASSERTIONS = NO;
				ENABLE_STRICT_OBJC_MSGSEND = YES;
				GCC_C_LANGUAGE_STANDARD = gnu11;
				GCC_NO_COMMON_BLOCKS = YES;
				GCC_WARN_64_TO_32_BIT_CONVERSION = YES;
				GCC_WARN_ABOUT_RETURN_TYPE = YES_ERROR;
				GCC_WARN_UNDECLARED_SELECTOR = YES;
				GCC_WARN_UNINITIALIZED_AUTOS = YES_AGGRESSIVE;
				GCC_WARN_UNUSED_FUNCTION = YES;
				GCC_WARN_UNUSED_VARIABLE = YES;
				IPHONEOS_DEPLOYMENT_TARGET = 12.2;
				MTL_ENABLE_DEBUG_INFO = NO;
				MTL_FAST_MATH = YES;
				SDKROOT = iphoneos;
				SWIFT_COMPILATION_MODE = wholemodule;
				SWIFT_OPTIMIZATION_LEVEL = "-O";
				VALIDATE_PRODUCT = YES;
			};
			name = Release;
		};
		EF24448922CF1A560046B3D9 /* Debug */ = {
			isa = XCBuildConfiguration;
			buildSettings = {
				ASSETCATALOG_COMPILER_APPICON_NAME = AppIcon;
				CODE_SIGN_STYLE = Automatic;
				INFOPLIST_FILE = GoldPriceCheckiOS/Info.plist;
				LD_RUNPATH_SEARCH_PATHS = (
					"$(inherited)",
					"@executable_path/Frameworks",
				);
				PRODUCT_BUNDLE_IDENTIFIER = com.ankkumar.GoldPriceCheckiOS;
				PRODUCT_NAME = "$(TARGET_NAME)";
				SWIFT_VERSION = 5.0;
				TARGETED_DEVICE_FAMILY = "1,2";
			};
			name = Debug;
		};
		EF24448A22CF1A560046B3D9 /* Release */ = {
			isa = XCBuildConfiguration;
			buildSettings = {
				ASSETCATALOG_COMPILER_APPICON_NAME = AppIcon;
				CODE_SIGN_STYLE = Automatic;
				INFOPLIST_FILE = GoldPriceCheckiOS/Info.plist;
				LD_RUNPATH_SEARCH_PATHS = (
					"$(inherited)",
					"@executable_path/Frameworks",
				);
				PRODUCT_BUNDLE_IDENTIFIER = com.ankkumar.GoldPriceCheckiOS;
				PRODUCT_NAME = "$(TARGET_NAME)";
				SWIFT_VERSION = 5.0;
				TARGETED_DEVICE_FAMILY = "1,2";
			};
			name = Release;
		};
		EF24448C22CF1A560046B3D9 /* Debug */ = {
			isa = XCBuildConfiguration;
			buildSettings = {
				ALWAYS_EMBED_SWIFT_STANDARD_LIBRARIES = YES;
				BUNDLE_LOADER = "$(TEST_HOST)";
				CODE_SIGN_STYLE = Automatic;
				INFOPLIST_FILE = GoldPriceCheckiOSTests/Info.plist;
				LD_RUNPATH_SEARCH_PATHS = (
					"$(inherited)",
					"@executable_path/Frameworks",
					"@loader_path/Frameworks",
				);
				PRODUCT_BUNDLE_IDENTIFIER = com.ankkumar.GoldPriceCheckiOSTests;
				PRODUCT_NAME = "$(TARGET_NAME)";
				SWIFT_VERSION = 5.0;
				TARGETED_DEVICE_FAMILY = "1,2";
				TEST_HOST = "$(BUILT_PRODUCTS_DIR)/GoldPriceCheckiOS.app/GoldPriceCheckiOS";
			};
			name = Debug;
		};
		EF24448D22CF1A560046B3D9 /* Release */ = {
			isa = XCBuildConfiguration;
			buildSettings = {
				ALWAYS_EMBED_SWIFT_STANDARD_LIBRARIES = YES;
				BUNDLE_LOADER = "$(TEST_HOST)";
				CODE_SIGN_STYLE = Automatic;
				INFOPLIST_FILE = GoldPriceCheckiOSTests/Info.plist;
				LD_RUNPATH_SEARCH_PATHS = (
					"$(inherited)",
					"@executable_path/Frameworks",
					"@loader_path/Frameworks",
				);
				PRODUCT_BUNDLE_IDENTIFIER = com.ankkumar.GoldPriceCheckiOSTests;
				PRODUCT_NAME = "$(TARGET_NAME)";
				SWIFT_VERSION = 5.0;
				TARGETED_DEVICE_FAMILY = "1,2";
				TEST_HOST = "$(BUILT_PRODUCTS_DIR)/GoldPriceCheckiOS.app/GoldPriceCheckiOS";
			};
			name = Release;
		};
		EF24448F22CF1A560046B3D9 /* Debug */ = {
			isa = XCBuildConfiguration;
			buildSettings = {
				ALWAYS_EMBED_SWIFT_STANDARD_LIBRARIES = YES;
				CODE_SIGN_STYLE = Automatic;
				INFOPLIST_FILE = GoldPriceCheckiOSUITests/Info.plist;
				LD_RUNPATH_SEARCH_PATHS = (
					"$(inherited)",
					"@executable_path/Frameworks",
					"@loader_path/Frameworks",
				);
				PRODUCT_BUNDLE_IDENTIFIER = com.ankkumar.GoldPriceCheckiOSUITests;
				PRODUCT_NAME = "$(TARGET_NAME)";
				SWIFT_VERSION = 5.0;
				TARGETED_DEVICE_FAMILY = "1,2";
				TEST_TARGET_NAME = GoldPriceCheckiOS;
			};
			name = Debug;
		};
		EF24449022CF1A560046B3D9 /* Release */ = {
			isa = XCBuildConfiguration;
			buildSettings = {
				ALWAYS_EMBED_SWIFT_STANDARD_LIBRARIES = YES;
				CODE_SIGN_STYLE = Automatic;
				INFOPLIST_FILE = GoldPriceCheckiOSUITests/Info.plist;
				LD_RUNPATH_SEARCH_PATHS = (
					"$(inherited)",
					"@executable_path/Frameworks",
					"@loader_path/Frameworks",
				);
				PRODUCT_BUNDLE_IDENTIFIER = com.ankkumar.GoldPriceCheckiOSUITests;
				PRODUCT_NAME = "$(TARGET_NAME)";
				SWIFT_VERSION = 5.0;
				TARGETED_DEVICE_FAMILY = "1,2";
				TEST_TARGET_NAME = GoldPriceCheckiOS;
			};
			name = Release;
		};
/* End XCBuildConfiguration section */

/* Begin XCConfigurationList section */
		EF24445B22CF1A540046B3D9 /* Build configuration list for PBXProject "GoldPriceCheckiOS" */ = {
			isa = XCConfigurationList;
			buildConfigurations = (
				EF24448622CF1A560046B3D9 /* Debug */,
				EF24448722CF1A560046B3D9 /* Release */,
			);
			defaultConfigurationIsVisible = 0;
			defaultConfigurationName = Release;
		};
		EF24448822CF1A560046B3D9 /* Build configuration list for PBXNativeTarget "GoldPriceCheckiOS" */ = {
			isa = XCConfigurationList;
			buildConfigurations = (
				EF24448922CF1A560046B3D9 /* Debug */,
				EF24448A22CF1A560046B3D9 /* Release */,
			);
			defaultConfigurationIsVisible = 0;
			defaultConfigurationName = Release;
		};
		EF24448B22CF1A560046B3D9 /* Build configuration list for PBXNativeTarget "GoldPriceCheckiOSTests" */ = {
			isa = XCConfigurationList;
			buildConfigurations = (
				EF24448C22CF1A560046B3D9 /* Debug */,
				EF24448D22CF1A560046B3D9 /* Release */,
			);
			defaultConfigurationIsVisible = 0;
			defaultConfigurationName = Release;
		};
		EF24448E22CF1A560046B3D9 /* Build configuration list for PBXNativeTarget "GoldPriceCheckiOSUITests" */ = {
			isa = XCConfigurationList;
			buildConfigurations = (
				EF24448F22CF1A560046B3D9 /* Debug */,
				EF24449022CF1A560046B3D9 /* Release */,
			);
			defaultConfigurationIsVisible = 0;
			defaultConfigurationName = Release;
		};
/* End XCConfigurationList section */
	};
	rootObject = EF24445822CF1A540046B3D9 /* Project object */;
}
